// !$*UTF8*$!
{
	archiveVersion = 1;
	classes = {
	};
	objectVersion = 46;
	objects = {

/* Begin PBXBuildFile section */
		3F0AC4171D8B26C700EA9706 /* Settings View ControllerViewController.swift in Sources */ = {isa = PBXBuildFile; fileRef = 3F0AC4161D8B26C700EA9706 /* Settings View ControllerViewController.swift */; };
		3F7E00B81D89010C00E29F08 /* AppDelegate.swift in Sources */ = {isa = PBXBuildFile; fileRef = 3F7E00B71D89010C00E29F08 /* AppDelegate.swift */; };
		3F7E00BA1D89010C00E29F08 /* ViewController.swift in Sources */ = {isa = PBXBuildFile; fileRef = 3F7E00B91D89010C00E29F08 /* ViewController.swift */; };
		3F7E00BD1D89010C00E29F08 /* Main.storyboard in Resources */ = {isa = PBXBuildFile; fileRef = 3F7E00BB1D89010C00E29F08 /* Main.storyboard */; };
		3F7E00BF1D89010C00E29F08 /* Assets.xcassets in Resources */ = {isa = PBXBuildFile; fileRef = 3F7E00BE1D89010C00E29F08 /* Assets.xcassets */; };
		3F7E00C21D89010C00E29F08 /* LaunchScreen.storyboard in Resources */ = {isa = PBXBuildFile; fileRef = 3F7E00C01D89010C00E29F08 /* LaunchScreen.storyboard */; };
		3F7E00CD1D89010C00E29F08 /* TipCalculatorTests.swift in Sources */ = {isa = PBXBuildFile; fileRef = 3F7E00CC1D89010C00E29F08 /* TipCalculatorTests.swift */; };
		3F7E00D81D89010C00E29F08 /* TipCalculatorUITests.swift in Sources */ = {isa = PBXBuildFile; fileRef = 3F7E00D71D89010C00E29F08 /* TipCalculatorUITests.swift */; };
/* End PBXBuildFile section */

/* Begin PBXContainerItemProxy section */
		3F7E00C91D89010C00E29F08 /* PBXContainerItemProxy */ = {
			isa = PBXContainerItemProxy;
			containerPortal = 3F7E00AC1D89010C00E29F08 /* Project object */;
			proxyType = 1;
			remoteGlobalIDString = 3F7E00B31D89010C00E29F08;
			remoteInfo = TipCalculator;
		};
		3F7E00D41D89010C00E29F08 /* PBXContainerItemProxy */ = {
			isa = PBXContainerItemProxy;
			containerPortal = 3F7E00AC1D89010C00E29F08 /* Project object */;
			proxyType = 1;
			remoteGlobalIDString = 3F7E00B31D89010C00E29F08;
			remoteInfo = TipCalculator;
		};
/* End PBXContainerItemProxy section */

/* Begin PBXFileReference section */
		3F0AC4161D8B26C700EA9706 /* Settings View ControllerViewController.swift */ = {isa = PBXFileReference; fileEncoding = 4; lastKnownFileType = sourcecode.swift; path = "Settings View ControllerViewController.swift"; sourceTree = "<group>"; };
		3F7E00B41D89010C00E29F08 /* TipCalculator.app */ = {isa = PBXFileReference; explicitFileType = wrapper.application; includeInIndex = 0; path = TipCalculator.app; sourceTree = BUILT_PRODUCTS_DIR; };
		3F7E00B71D89010C00E29F08 /* AppDelegate.swift */ = {isa = PBXFileReference; lastKnownFileType = sourcecode.swift; path = AppDelegate.swift; sourceTree = "<group>"; };
		3F7E00B91D89010C00E29F08 /* ViewController.swift */ = {isa = PBXFileReference; lastKnownFileType = sourcecode.swift; path = ViewController.swift; sourceTree = "<group>"; };
		3F7E00BC1D89010C00E29F08 /* Base */ = {isa = PBXFileReference; lastKnownFileType = file.storyboard; name = Base; path = Base.lproj/Main.storyboard; sourceTree = "<group>"; };
		3F7E00BE1D89010C00E29F08 /* Assets.xcassets */ = {isa = PBXFileReference; lastKnownFileType = folder.assetcatalog; path = Assets.xcassets; sourceTree = "<group>"; };
		3F7E00C11D89010C00E29F08 /* Base */ = {isa = PBXFileReference; lastKnownFileType = file.storyboard; name = Base; path = Base.lproj/LaunchScreen.storyboard; sourceTree = "<group>"; };
		3F7E00C31D89010C00E29F08 /* Info.plist */ = {isa = PBXFileReference; lastKnownFileType = text.plist.xml; path = Info.plist; sourceTree = "<group>"; };
		3F7E00C81D89010C00E29F08 /* TipCalculatorTests.xctest */ = {isa = PBXFileReference; explicitFileType = wrapper.cfbundle; includeInIndex = 0; path = TipCalculatorTests.xctest; sourceTree = BUILT_PRODUCTS_DIR; };
		3F7E00CC1D89010C00E29F08 /* TipCalculatorTests.swift */ = {isa = PBXFileReference; lastKnownFileType = sourcecode.swift; path = TipCalculatorTests.swift; sourceTree = "<group>"; };
		3F7E00CE1D89010C00E29F08 /* Info.plist */ = {isa = PBXFileReference; lastKnownFileType = text.plist.xml; path = Info.plist; sourceTree = "<group>"; };
		3F7E00D31D89010C00E29F08 /* TipCalculatorUITests.xctest */ = {isa = PBXFileReference; explicitFileType = wrapper.cfbundle; includeInIndex = 0; path = TipCalculatorUITests.xctest; sourceTree = BUILT_PRODUCTS_DIR; };
		3F7E00D71D89010C00E29F08 /* TipCalculatorUITests.swift */ = {isa = PBXFileReference; lastKnownFileType = sourcecode.swift; path = TipCalculatorUITests.swift; sourceTree = "<group>"; };
		3F7E00D91D89010C00E29F08 /* Info.plist */ = {isa = PBXFileReference; lastKnownFileType = text.plist.xml; path = Info.plist; sourceTree = "<group>"; };
/* End PBXFileReference section */

/* Begin PBXFrameworksBuildPhase section */
		3F7E00B11D89010C00E29F08 /* Frameworks */ = {
			isa = PBXFrameworksBuildPhase;
			buildActionMask = 2147483647;
			files = (
			);
			runOnlyForDeploymentPostprocessing = 0;
		};
		3F7E00C51D89010C00E29F08 /* Frameworks */ = {
			isa = PBXFrameworksBuildPhase;
			buildActionMask = 2147483647;
			files = (
			);
			runOnlyForDeploymentPostprocessing = 0;
		};
		3F7E00D01D89010C00E29F08 /* Frameworks */ = {
			isa = PBXFrameworksBuildPhase;
			buildActionMask = 2147483647;
			files = (
			);
			runOnlyForDeploymentPostprocessing = 0;
		};
/* End PBXFrameworksBuildPhase section */

/* Begin PBXGroup section */
		3F7E00AB1D89010C00E29F08 = {
			isa = PBXGroup;
			children = (
				3F7E00B61D89010C00E29F08 /* TipCalculator */,
				3F7E00CB1D89010C00E29F08 /* TipCalculatorTests */,
				3F7E00D61D89010C00E29F08 /* TipCalculatorUITests */,
				3F7E00B51D89010C00E29F08 /* Products */,
			);
			sourceTree = "<group>";
		};
		3F7E00B51D89010C00E29F08 /* Products */ = {
			isa = PBXGroup;
			children = (
				3F7E00B41D89010C00E29F08 /* TipCalculator.app */,
				3F7E00C81D89010C00E29F08 /* TipCalculatorTests.xctest */,
				3F7E00D31D89010C00E29F08 /* TipCalculatorUITests.xctest */,
			);
			name = Products;
			sourceTree = "<group>";
		};
		3F7E00B61D89010C00E29F08 /* TipCalculator */ = {
			isa = PBXGroup;
			children = (
				3F7E00B71D89010C00E29F08 /* AppDelegate.swift */,
				3F7E00B91D89010C00E29F08 /* ViewController.swift */,
				3F7E00BB1D89010C00E29F08 /* Main.storyboard */,
				3F0AC4161D8B26C700EA9706 /* Settings View ControllerViewController.swift */,
				3F7E00BE1D89010C00E29F08 /* Assets.xcassets */,
				3F7E00C01D89010C00E29F08 /* LaunchScreen.storyboard */,
				3F7E00C31D89010C00E29F08 /* Info.plist */,
			);
			path = TipCalculator;
			sourceTree = "<group>";
		};
		3F7E00CB1D89010C00E29F08 /* TipCalculatorTests */ = {
			isa = PBXGroup;
			children = (
				3F7E00CC1D89010C00E29F08 /* TipCalculatorTests.swift */,
				3F7E00CE1D89010C00E29F08 /* Info.plist */,
			);
			path = TipCalculatorTests;
			sourceTree = "<group>";
		};
		3F7E00D61D89010C00E29F08 /* TipCalculatorUITests */ = {
			isa = PBXGroup;
			children = (
				3F7E00D71D89010C00E29F08 /* TipCalculatorUITests.swift */,
				3F7E00D91D89010C00E29F08 /* Info.plist */,
			);
			path = TipCalculatorUITests;
			sourceTree = "<group>";
		};
/* End PBXGroup section */

/* Begin PBXNativeTarget section */
		3F7E00B31D89010C00E29F08 /* TipCalculator */ = {
			isa = PBXNativeTarget;
			buildConfigurationList = 3F7E00DC1D89010C00E29F08 /* Build configuration list for PBXNativeTarget "TipCalculator" */;
			buildPhases = (
				3F7E00B01D89010C00E29F08 /* Sources */,
				3F7E00B11D89010C00E29F08 /* Frameworks */,
				3F7E00B21D89010C00E29F08 /* Resources */,
			);
			buildRules = (
			);
			dependencies = (
			);
			name = TipCalculator;
			productName = TipCalculator;
			productReference = 3F7E00B41D89010C00E29F08 /* TipCalculator.app */;
			productType = "com.apple.product-type.application";
		};
		3F7E00C71D89010C00E29F08 /* TipCalculatorTests */ = {
			isa = PBXNativeTarget;
			buildConfigurationList = 3F7E00DF1D89010C00E29F08 /* Build configuration list for PBXNativeTarget "TipCalculatorTests" */;
			buildPhases = (
				3F7E00C41D89010C00E29F08 /* Sources */,
				3F7E00C51D89010C00E29F08 /* Frameworks */,
				3F7E00C61D89010C00E29F08 /* Resources */,
			);
			buildRules = (
			);
			dependencies = (
				3F7E00CA1D89010C00E29F08 /* PBXTargetDependency */,
			);
			name = TipCalculatorTests;
			productName = TipCalculatorTests;
			productReference = 3F7E00C81D89010C00E29F08 /* TipCalculatorTests.xctest */;
			productType = "com.apple.product-type.bundle.unit-test";
		};
		3F7E00D21D89010C00E29F08 /* TipCalculatorUITests */ = {
			isa = PBXNativeTarget;
			buildConfigurationList = 3F7E00E21D89010C00E29F08 /* Build configuration list for PBXNativeTarget "TipCalculatorUITests" */;
			buildPhases = (
				3F7E00CF1D89010C00E29F08 /* Sources */,
				3F7E00D01D89010C00E29F08 /* Frameworks */,
				3F7E00D11D89010C00E29F08 /* Resources */,
			);
			buildRules = (
			);
			dependencies = (
				3F7E00D51D89010C00E29F08 /* PBXTargetDependency */,
			);
			name = TipCalculatorUITests;
			productName = TipCalculatorUITests;
			productReference = 3F7E00D31D89010C00E29F08 /* TipCalculatorUITests.xctest */;
			productType = "com.apple.product-type.bundle.ui-testing";
		};
/* End PBXNativeTarget section */

/* Begin PBXProject section */
		3F7E00AC1D89010C00E29F08 /* Project object */ = {
			isa = PBXProject;
			attributes = {
				LastSwiftUpdateCheck = 0730;
				LastUpgradeCheck = 0730;
				ORGANIZATIONNAME = "Eliseo Monzon";
				TargetAttributes = {
					3F7E00B31D89010C00E29F08 = {
						CreatedOnToolsVersion = 7.3.1;
					};
					3F7E00C71D89010C00E29F08 = {
						CreatedOnToolsVersion = 7.3.1;
						TestTargetID = 3F7E00B31D89010C00E29F08;
					};
					3F7E00D21D89010C00E29F08 = {
						CreatedOnToolsVersion = 7.3.1;
						TestTargetID = 3F7E00B31D89010C00E29F08;
					};
				};
			};
			buildConfigurationList = 3F7E00AF1D89010C00E29F08 /* Build configuration list for PBXProject "TipCalculator" */;
			compatibilityVersion = "Xcode 3.2";
			developmentRegion = English;
			hasScannedForEncodings = 0;
			knownRegions = (
				en,
				Base,
			);
			mainGroup = 3F7E00AB1D89010C00E29F08;
			productRefGroup = 3F7E00B51D89010C00E29F08 /* Products */;
			projectDirPath = "";
			projectRoot = "";
			targets = (
				3F7E00B31D89010C00E29F08 /* TipCalculator */,
				3F7E00C71D89010C00E29F08 /* TipCalculatorTests */,
				3F7E00D21D89010C00E29F08 /* TipCalculatorUITests */,
			);
		};
/* End PBXProject section */

/* Begin PBXResourcesBuildPhase section */
		3F7E00B21D89010C00E29F08 /* Resources */ = {
			isa = PBXResourcesBuildPhase;
			buildActionMask = 2147483647;
			files = (
				3F7E00C21D89010C00E29F08 /* LaunchScreen.storyboard in Resources */,
				3F7E00BF1D89010C00E29F08 /* Assets.xcassets in Resources */,
				3F7E00BD1D89010C00E29F08 /* Main.storyboard in Resources */,
			);
			runOnlyForDeploymentPostprocessing = 0;
		};
		3F7E00C61D89010C00E29F08 /* Resources */ = {
			isa = PBXResourcesBuildPhase;
			buildActionMask = 2147483647;
			files = (
			);
			runOnlyForDeploymentPostprocessing = 0;
		};
		3F7E00D11D89010C00E29F08 /* Resources */ = {
			isa = PBXResourcesBuildPhase;
			buildActionMask = 2147483647;
			files = (
			);
			runOnlyForDeploymentPostprocessing = 0;
		};
/* End PBXResourcesBuildPhase section */

/* Begin PBXSourcesBuildPhase section */
		3F7E00B01D89010C00E29F08 /* Sources */ = {
			isa = PBXSourcesBuildPhase;
			buildActionMask = 2147483647;
			files = (
				3F7E00BA1D89010C00E29F08 /* ViewController.swift in Sources */,
				3F7E00B81D89010C00E29F08 /* AppDelegate.swift in Sources */,
				3F0AC4171D8B26C700EA9706 /* Settings View ControllerViewController.swift in Sources */,
			);
			runOnlyForDeploymentPostprocessing = 0;
		};
		3F7E00C41D89010C00E29F08 /* Sources */ = {
			isa = PBXSourcesBuildPhase;
			buildActionMask = 2147483647;
			files = (
				3F7E00CD1D89010C00E29F08 /* TipCalculatorTests.swift in Sources */,
			);
			runOnlyForDeploymentPostprocessing = 0;
		};
		3F7E00CF1D89010C00E29F08 /* Sources */ = {
			isa = PBXSourcesBuildPhase;
			buildActionMask = 2147483647;
			files = (
				3F7E00D81D89010C00E29F08 /* TipCalculatorUITests.swift in Sources */,
			);
			runOnlyForDeploymentPostprocessing = 0;
		};
/* End PBXSourcesBuildPhase section */

/* Begin PBXTargetDependency section */
		3F7E00CA1D89010C00E29F08 /* PBXTargetDependency */ = {
			isa = PBXTargetDependency;
			target = 3F7E00B31D89010C00E29F08 /* TipCalculator */;
			targetProxy = 3F7E00C91D89010C00E29F08 /* PBXContainerItemProxy */;
		};
		3F7E00D51D89010C00E29F08 /* PBXTargetDependency */ = {
			isa = PBXTargetDependency;
			target = 3F7E00B31D89010C00E29F08 /* TipCalculator */;
			targetProxy = 3F7E00D41D89010C00E29F08 /* PBXContainerItemProxy */;
		};
/* End PBXTargetDependency section */

/* Begin PBXVariantGroup section */
		3F7E00BB1D89010C00E29F08 /* Main.storyboard */ = {
			isa = PBXVariantGroup;
			children = (
				3F7E00BC1D89010C00E29F08 /* Base */,
			);
			name = Main.storyboard;
			sourceTree = "<group>";
		};
		3F7E00C01D89010C00E29F08 /* LaunchScreen.storyboard */ = {
			isa = PBXVariantGroup;
			children = (
				3F7E00C11D89010C00E29F08 /* Base */,
			);
			name = LaunchScreen.storyboard;
			sourceTree = "<group>";
		};
/* End PBXVariantGroup section */

/* Begin XCBuildConfiguration section */
		3F7E00DA1D89010C00E29F08 /* Debug */ = {
			isa = XCBuildConfiguration;
			buildSettings = {
				ALWAYS_SEARCH_USER_PATHS = NO;
				CLANG_ANALYZER_NONNULL = YES;
				CLANG_CXX_LANGUAGE_STANDARD = "gnu++0x";
				CLANG_CXX_LIBRARY = "libc++";
				CLANG_ENABLE_MODULES = YES;
				CLANG_ENABLE_OBJC_ARC = YES;
				CLANG_WARN_BOOL_CONVERSION = YES;
				CLANG_WARN_CONSTANT_CONVERSION = YES;
				CLANG_WARN_DIRECT_OBJC_ISA_USAGE = YES_ERROR;
				CLANG_WARN_EMPTY_BODY = YES;
				CLANG_WARN_ENUM_CONVERSION = YES;
				CLANG_WARN_INT_CONVERSION = YES;
				CLANG_WARN_OBJC_ROOT_CLASS = YES_ERROR;
				CLANG_WARN_UNREACHABLE_CODE = YES;
				CLANG_WARN__DUPLICATE_METHOD_MATCH = YES;
				"CODE_SIGN_IDENTITY[sdk=iphoneos*]" = "iPhone Developer";
				COPY_PHASE_STRIP = NO;
				DEBUG_INFORMATION_FORMAT = dwarf;
				ENABLE_STRICT_OBJC_MSGSEND = YES;
				ENABLE_TESTABILITY = YES;
				GCC_C_LANGUAGE_STANDARD = gnu99;
				GCC_DYNAMIC_NO_PIC = NO;
				GCC_NO_COMMON_BLOCKS = YES;
				GCC_OPTIMIZATION_LEVEL = 0;
				GCC_PREPROCESSOR_DEFINITIONS = (
					"DEBUG=1",
					"$(inherited)",
				);
				GCC_WARN_64_TO_32_BIT_CONVERSION = YES;
				GCC_WARN_ABOUT_RETURN_TYPE = YES_ERROR;
				GCC_WARN_UNDECLARED_SELECTOR = YES;
				GCC_WARN_UNINITIALIZED_AUTOS = YES_AGGRESSIVE;
				GCC_WARN_UNUSED_FUNCTION = YES;
				GCC_WARN_UNUSED_VARIABLE = YES;
				IPHONEOS_DEPLOYMENT_TARGET = 9.3;
				MTL_ENABLE_DEBUG_INFO = YES;
				ONLY_ACTIVE_ARCH = YES;
				SDKROOT = iphoneos;
				SWIFT_OPTIMIZATION_LEVEL = "-Onone";
			};
			name = Debug;
		};
		3F7E00DB1D89010C00E29F08 /* Release */ = {
			isa = XCBuildConfiguration;
			buildSettings = {
				ALWAYS_SEARCH_USER_PATHS = NO;
				CLANG_ANALYZER_NONNULL = YES;
				CLANG_CXX_LANGUAGE_STANDARD = "gnu++0x";
				CLANG_CXX_LIBRARY = "libc++";
				CLANG_ENABLE_MODULES = YES;
				CLANG_ENABLE_OBJC_ARC = YES;
				CLANG_WARN_BOOL_CONVERSION = YES;
				CLANG_WARN_CONSTANT_CONVERSION = YES;
				CLANG_WARN_DIRECT_OBJC_ISA_USAGE = YES_ERROR;
				CLANG_WARN_EMPTY_BODY = YES;
				CLANG_WARN_ENUM_CONVERSION = YES;
				CLANG_WARN_INT_CONVERSION = YES;
				CLANG_WARN_OBJC_ROOT_CLASS = YES_ERROR;
				CLANG_WARN_UNREACHABLE_CODE = YES;
				CLANG_WARN__DUPLICATE_METHOD_MATCH = YES;
				"CODE_SIGN_IDENTITY[sdk=iphoneos*]" = "iPhone Developer";
				COPY_PHASE_STRIP = NO;
				DEBUG_INFORMATION_FORMAT = "dwarf-with-dsym";
				ENABLE_NS_ASSERTIONS = NO;
				ENABLE_STRICT_OBJC_MSGSEND = YES;
				GCC_C_LANGUAGE_STANDARD = gnu99;
				GCC_NO_COMMON_BLOCKS = YES;
				GCC_WARN_64_TO_32_BIT_CONVERSION = YES;
				GCC_WARN_ABOUT_RETURN_TYPE = YES_ERROR;
				GCC_WARN_UNDECLARED_SELECTOR = YES;
				GCC_WARN_UNINITIALIZED_AUTOS = YES_AGGRESSIVE;
				GCC_WARN_UNUSED_FUNCTION = YES;
				GCC_WARN_UNUSED_VARIABLE = YES;
				IPHONEOS_DEPLOYMENT_TARGET = 9.3;
				MTL_ENABLE_DEBUG_INFO = NO;
				SDKROOT = iphoneos;
				VALIDATE_PRODUCT = YES;
			};
			name = Release;
		};
		3F7E00DD1D89010C00E29F08 /* Debug */ = {
			isa = XCBuildConfiguration;
			buildSettings = {
				ASSETCATALOG_COMPILER_APPICON_NAME = AppIcon;
				INFOPLIST_FILE = TipCalculator/Info.plist;
				LD_RUNPATH_SEARCH_PATHS = "$(inherited) @executable_path/Frameworks";
				PRODUCT_BUNDLE_IDENTIFIER = com.uscscope.TipCalculator;
				PRODUCT_NAME = "$(TARGET_NAME)";
			};
			name = Debug;
		};
		3F7E00DE1D89010C00E29F08 /* Release */ = {
			isa = XCBuildConfiguration;
			buildSettings = {
				ASSETCATALOG_COMPILER_APPICON_NAME = AppIcon;
				INFOPLIST_FILE = TipCalculator/Info.plist;
				LD_RUNPATH_SEARCH_PATHS = "$(inherited) @executable_path/Frameworks";
				PRODUCT_BUNDLE_IDENTIFIER = com.uscscope.TipCalculator;
				PRODUCT_NAME = "$(TARGET_NAME)";
			};
			name = Release;
		};
		3F7E00E01D89010C00E29F08 /* Debug */ = {
			isa = XCBuildConfiguration;
			buildSettings = {
				BUNDLE_LOADER = "$(TEST_HOST)";
				INFOPLIST_FILE = TipCalculatorTests/Info.plist;
				LD_RUNPATH_SEARCH_PATHS = "$(inherited) @executable_path/Frameworks @loader_path/Frameworks";
				PRODUCT_BUNDLE_IDENTIFIER = com.uscscope.TipCalculatorTests;
				PRODUCT_NAME = "$(TARGET_NAME)";
				TEST_HOST = "$(BUILT_PRODUCTS_DIR)/TipCalculator.app/TipCalculator";
			};
			name = Debug;
		};
		3F7E00E11D89010C00E29F08 /* Release */ = {
			isa = XCBuildConfiguration;
			buildSettings = {
				BUNDLE_LOADER = "$(TEST_HOST)";
				INFOPLIST_FILE = TipCalculatorTests/Info.plist;
				LD_RUNPATH_SEARCH_PATHS = "$(inherited) @executable_path/Frameworks @loader_path/Frameworks";
				PRODUCT_BUNDLE_IDENTIFIER = com.uscscope.TipCalculatorTests;
				PRODUCT_NAME = "$(TARGET_NAME)";
				TEST_HOST = "$(BUILT_PRODUCTS_DIR)/TipCalculator.app/TipCalculator";
			};
			name = Release;
		};
		3F7E00E31D89010C00E29F08 /* Debug */ = {
			isa = XCBuildConfiguration;
			buildSettings = {
				INFOPLIST_FILE = TipCalculatorUITests/Info.plist;
				LD_RUNPATH_SEARCH_PATHS = "$(inherited) @executable_path/Frameworks @loader_path/Frameworks";
				PRODUCT_BUNDLE_IDENTIFIER = com.uscscope.TipCalculatorUITests;
				PRODUCT_NAME = "$(TARGET_NAME)";
				TEST_TARGET_NAME = TipCalculator;
			};
			name = Debug;
		};
		3F7E00E41D89010C00E29F08 /* Release */ = {
			isa = XCBuildConfiguration;
			buildSettings = {
				INFOPLIST_FILE = TipCalculatorUITests/Info.plist;
				LD_RUNPATH_SEARCH_PATHS = "$(inherited) @executable_path/Frameworks @loader_path/Frameworks";
				PRODUCT_BUNDLE_IDENTIFIER = com.uscscope.TipCalculatorUITests;
				PRODUCT_NAME = "$(TARGET_NAME)";
				TEST_TARGET_NAME = TipCalculator;
			};
			name = Release;
		};
/* End XCBuildConfiguration section */

/* Begin XCConfigurationList section */
		3F7E00AF1D89010C00E29F08 /* Build configuration list for PBXProject "TipCalculator" */ = {
			isa = XCConfigurationList;
			buildConfigurations = (
				3F7E00DA1D89010C00E29F08 /* Debug */,
				3F7E00DB1D89010C00E29F08 /* Release */,
			);
			defaultConfigurationIsVisible = 0;
			defaultConfigurationName = Release;
		};
		3F7E00DC1D89010C00E29F08 /* Build configuration list for PBXNativeTarget "TipCalculator" */ = {
			isa = XCConfigurationList;
			buildConfigurations = (
				3F7E00DD1D89010C00E29F08 /* Debug */,
				3F7E00DE1D89010C00E29F08 /* Release */,
			);
			defaultConfigurationIsVisible = 0;
			defaultConfigurationName = Release;
		};
		3F7E00DF1D89010C00E29F08 /* Build configuration list for PBXNativeTarget "TipCalculatorTests" */ = {
			isa = XCConfigurationList;
			buildConfigurations = (
				3F7E00E01D89010C00E29F08 /* Debug */,
				3F7E00E11D89010C00E29F08 /* Release */,
			);
			defaultConfigurationIsVisible = 0;
			defaultConfigurationName = Release;
		};
		3F7E00E21D89010C00E29F08 /* Build configuration list for PBXNativeTarget "TipCalculatorUITests" */ = {
			isa = XCConfigurationList;
			buildConfigurations = (
				3F7E00E31D89010C00E29F08 /* Debug */,
				3F7E00E41D89010C00E29F08 /* Release */,
			);
			defaultConfigurationIsVisible = 0;
			defaultConfigurationName = Release;
		};
/* End XCConfigurationList section */
	};
	rootObject = 3F7E00AC1D89010C00E29F08 /* Project object */;
}
